
Microsoft Visual Studio Solution File, Format Version 12.00
# Visual Studio Version 16
VisualStudioVersion = 16.0.28803.202
MinimumVisualStudioVersion = 10.0.40219.1
Project("{FAE04EC0-301F-11D3-BF4B-00C04F79EFBC}") = "MTGA Limited Deck Exporter", "MTGA Limited Deck Exporter\MTGA Limited Deck Exporter.csproj", "{3246E659-6A64-477F-9A80-A7BCD6DB0E44}"
EndProject
Global
	GlobalSection(SolutionConfigurationPlatforms) = preSolution
		Debug|Any CPU = Debug|Any CPU
		Release|Any CPU = Release|Any CPU
	EndGlobalSection
	GlobalSection(ProjectConfigurationPlatforms) = postSolution
		{3246E659-6A64-477F-9A80-A7BCD6DB0E44}.Debug|Any CPU.ActiveCfg = Debug|Any CPU
		{3246E659-6A64-477F-9A80-A7BCD6DB0E44}.Debug|Any CPU.Build.0 = Debug|Any CPU
		{3246E659-6A64-477F-9A80-A7BCD6DB0E44}.Release|Any CPU.ActiveCfg = Release|Any CPU
		{3246E659-6A64-477F-9A80-A7BCD6DB0E44}.Release|Any CPU.Build.0 = Release|Any CPU
	EndGlobalSection
	GlobalSection(SolutionProperties) = preSolution
		HideSolutionNode = FALSE
	EndGlobalSection
	GlobalSection(ExtensibilityGlobals) = postSolution
		SolutionGuid = {A08C1470-7F58-45BE-A6A2-B5AC244051EB}
	EndGlobalSection
EndGlobal
